
Microsoft Visual Studio Solution File, Format Version 12.00
# Visual Studio Version 17
VisualStudioVersion = 17.4.33103.184
MinimumVisualStudioVersion = 10.0.40219.1
Project("{FAE04EC0-301F-11D3-BF4B-00C04F79EFBC}") = "veri_tabanli_parti_secim_ve_istatistik_programı", "veri_tabanli\veri_tabanli_parti_secim_ve_istatistik_programı.csproj", "{0B03001C-1874-4660-BFF0-9FB03764527A}"
EndProject
Global
	GlobalSection(SolutionConfigurationPlatforms) = preSolution
		Debug|Any CPU = Debug|Any CPU
		Release|Any CPU = Release|Any CPU
	EndGlobalSection
	GlobalSection(ProjectConfigurationPlatforms) = postSolution
		{0B03001C-1874-4660-BFF0-9FB03764527A}.Debug|Any CPU.ActiveCfg = Debug|Any CPU
		{0B03001C-1874-4660-BFF0-9FB03764527A}.Debug|Any CPU.Build.0 = Debug|Any CPU
		{0B03001C-1874-4660-BFF0-9FB03764527A}.Release|Any CPU.ActiveCfg = Release|Any CPU
		{0B03001C-1874-4660-BFF0-9FB03764527A}.Release|Any CPU.Build.0 = Release|Any CPU
	EndGlobalSection
	GlobalSection(SolutionProperties) = preSolution
		HideSolutionNode = FALSE
	EndGlobalSection
	GlobalSection(ExtensibilityGlobals) = postSolution
		SolutionGuid = {41EF798B-47BB-404E-9E1C-8C422D036C51}
	EndGlobalSection
EndGlobal
